
Microsoft Visual Studio Solution File, Format Version 12.00
# Visual Studio Version 16
VisualStudioVersion = 16.0.31624.102
MinimumVisualStudioVersion = 10.0.40219.1
Project("{FAE04EC0-301F-11D3-BF4B-00C04F79EFBC}") = "MailWebAPI", "MailWebAPI.csproj", "{FEA0857D-09F4-4524-8EB9-EDE100454EA9}"
EndProject
Global
	GlobalSection(SolutionConfigurationPlatforms) = preSolution
		Debug|Any CPU = Debug|Any CPU
		Release|Any CPU = Release|Any CPU
	EndGlobalSection
	GlobalSection(ProjectConfigurationPlatforms) = postSolution
		{FEA0857D-09F4-4524-8EB9-EDE100454EA9}.Debug|Any CPU.ActiveCfg = Debug|Any CPU
		{FEA0857D-09F4-4524-8EB9-EDE100454EA9}.Debug|Any CPU.Build.0 = Debug|Any CPU
		{FEA0857D-09F4-4524-8EB9-EDE100454EA9}.Release|Any CPU.ActiveCfg = Release|Any CPU
		{FEA0857D-09F4-4524-8EB9-EDE100454EA9}.Release|Any CPU.Build.0 = Release|Any CPU
	EndGlobalSection
	GlobalSection(SolutionProperties) = preSolution
		HideSolutionNode = FALSE
	EndGlobalSection
	GlobalSection(ExtensibilityGlobals) = postSolution
		SolutionGuid = {DA371F0E-8647-45D2-A734-2A59F91DB6E1}
	EndGlobalSection
EndGlobal
